// !$*UTF8*$!
{
	archiveVersion = 1;
	classes = {
	};
	objectVersion = 46;
	objects = {

/* Begin PBXBuildFile section */
		D392877B1CD5195600406738 /* AppDelegate.swift in Sources */ = {isa = PBXBuildFile; fileRef = D392877A1CD5195600406738 /* AppDelegate.swift */; };
		D392877D1CD5195600406738 /* ViewController.swift in Sources */ = {isa = PBXBuildFile; fileRef = D392877C1CD5195600406738 /* ViewController.swift */; };
		D39287801CD5195700406738 /* Main.storyboard in Resources */ = {isa = PBXBuildFile; fileRef = D392877E1CD5195600406738 /* Main.storyboard */; };
		D39287821CD5195700406738 /* Assets.xcassets in Resources */ = {isa = PBXBuildFile; fileRef = D39287811CD5195700406738 /* Assets.xcassets */; };
		D39287851CD5195700406738 /* LaunchScreen.storyboard in Resources */ = {isa = PBXBuildFile; fileRef = D39287831CD5195700406738 /* LaunchScreen.storyboard */; };
		D3DE7D881CD51A7700086382 /* ICloudKVAuth.swift in Sources */ = {isa = PBXBuildFile; fileRef = D3DE7D871CD51A7700086382 /* ICloudKVAuth.swift */; };
/* End PBXBuildFile section */

/* Begin PBXFileReference section */
		D39287771CD5195600406738 /* iCloud KV.app */ = {isa = PBXFileReference; explicitFileType = wrapper.application; includeInIndex = 0; path = "iCloud KV.app"; sourceTree = BUILT_PRODUCTS_DIR; };
		D392877A1CD5195600406738 /* AppDelegate.swift */ = {isa = PBXFileReference; lastKnownFileType = sourcecode.swift; path = AppDelegate.swift; sourceTree = "<group>"; };
		D392877C1CD5195600406738 /* ViewController.swift */ = {isa = PBXFileReference; lastKnownFileType = sourcecode.swift; path = ViewController.swift; sourceTree = "<group>"; };
		D392877F1CD5195600406738 /* Base */ = {isa = PBXFileReference; lastKnownFileType = file.storyboard; name = Base; path = Base.lproj/Main.storyboard; sourceTree = "<group>"; };
		D39287811CD5195700406738 /* Assets.xcassets */ = {isa = PBXFileReference; lastKnownFileType = folder.assetcatalog; path = Assets.xcassets; sourceTree = "<group>"; };
		D39287841CD5195700406738 /* Base */ = {isa = PBXFileReference; lastKnownFileType = file.storyboard; name = Base; path = Base.lproj/LaunchScreen.storyboard; sourceTree = "<group>"; };
		D39287861CD5195700406738 /* Info.plist */ = {isa = PBXFileReference; lastKnownFileType = text.plist.xml; path = Info.plist; sourceTree = "<group>"; };
		D3DE7D871CD51A7700086382 /* ICloudKVAuth.swift */ = {isa = PBXFileReference; fileEncoding = 4; lastKnownFileType = sourcecode.swift; path = ICloudKVAuth.swift; sourceTree = "<group>"; };
		D3DE7D891CD5262200086382 /* iCloud KV.entitlements */ = {isa = PBXFileReference; lastKnownFileType = text.xml; path = "iCloud KV.entitlements"; sourceTree = "<group>"; };
/* End PBXFileReference section */

/* Begin PBXFrameworksBuildPhase section */
		D39287741CD5195600406738 /* Frameworks */ = {
			isa = PBXFrameworksBuildPhase;
			buildActionMask = 2147483647;
			files = (
			);
			runOnlyForDeploymentPostprocessing = 0;
		};
/* End PBXFrameworksBuildPhase section */

/* Begin PBXGroup section */
		D392876E1CD5195600406738 = {
			isa = PBXGroup;
			children = (
				D39287791CD5195600406738 /* iCloud KV */,
				D39287781CD5195600406738 /* Products */,
			);
			sourceTree = "<group>";
		};
		D39287781CD5195600406738 /* Products */ = {
			isa = PBXGroup;
			children = (
				D39287771CD5195600406738 /* iCloud KV.app */,
			);
			name = Products;
			sourceTree = "<group>";
		};
		D39287791CD5195600406738 /* iCloud KV */ = {
			isa = PBXGroup;
			children = (
				D3DE7D891CD5262200086382 /* iCloud KV.entitlements */,
				D392877A1CD5195600406738 /* AppDelegate.swift */,
				D392877C1CD5195600406738 /* ViewController.swift */,
				D3DE7D871CD51A7700086382 /* ICloudKVAuth.swift */,
				D392877E1CD5195600406738 /* Main.storyboard */,
				D39287811CD5195700406738 /* Assets.xcassets */,
				D39287831CD5195700406738 /* LaunchScreen.storyboard */,
				D39287861CD5195700406738 /* Info.plist */,
			);
			path = "iCloud KV";
			sourceTree = "<group>";
		};
/* End PBXGroup section */

/* Begin PBXNativeTarget section */
		D39287761CD5195600406738 /* iCloud KV */ = {
			isa = PBXNativeTarget;
			buildConfigurationList = D39287891CD5195700406738 /* Build configuration list for PBXNativeTarget "iCloud KV" */;
			buildPhases = (
				D39287731CD5195600406738 /* Sources */,
				D39287741CD5195600406738 /* Frameworks */,
				D39287751CD5195600406738 /* Resources */,
			);
			buildRules = (
			);
			dependencies = (
			);
			name = "iCloud KV";
			productName = "iCloud KV";
			productReference = D39287771CD5195600406738 /* iCloud KV.app */;
			productType = "com.apple.product-type.application";
		};
/* End PBXNativeTarget section */

/* Begin PBXProject section */
		D392876F1CD5195600406738 /* Project object */ = {
			isa = PBXProject;
			attributes = {
				LastSwiftUpdateCheck = 0730;
				LastUpgradeCheck = 0730;
				ORGANIZATIONNAME = Lingerhere;
				TargetAttributes = {
					D39287761CD5195600406738 = {
						CreatedOnToolsVersion = 7.3;
						DevelopmentTeam = 5MC8G4B348;
						SystemCapabilities = {
							com.apple.iCloud = {
								enabled = 1;
							};
						};
					};
				};
			};
			buildConfigurationList = D39287721CD5195600406738 /* Build configuration list for PBXProject "iCloud KV" */;
			compatibilityVersion = "Xcode 3.2";
			developmentRegion = English;
			hasScannedForEncodings = 0;
			knownRegions = (
				en,
				Base,
			);
			mainGroup = D392876E1CD5195600406738;
			productRefGroup = D39287781CD5195600406738 /* Products */;
			projectDirPath = "";
			projectRoot = "";
			targets = (
				D39287761CD5195600406738 /* iCloud KV */,
			);
		};
/* End PBXProject section */

/* Begin PBXResourcesBuildPhase section */
		D39287751CD5195600406738 /* Resources */ = {
			isa = PBXResourcesBuildPhase;
			buildActionMask = 2147483647;
			files = (
				D39287851CD5195700406738 /* LaunchScreen.storyboard in Resources */,
				D39287821CD5195700406738 /* Assets.xcassets in Resources */,
				D39287801CD5195700406738 /* Main.storyboard in Resources */,
			);
			runOnlyForDeploymentPostprocessing = 0;
		};
/* End PBXResourcesBuildPhase section */

/* Begin PBXSourcesBuildPhase section */
		D39287731CD5195600406738 /* Sources */ = {
			isa = PBXSourcesBuildPhase;
			buildActionMask = 2147483647;
			files = (
				D392877D1CD5195600406738 /* ViewController.swift in Sources */,
				D3DE7D881CD51A7700086382 /* ICloudKVAuth.swift in Sources */,
				D392877B1CD5195600406738 /* AppDelegate.swift in Sources */,
			);
			runOnlyForDeploymentPostprocessing = 0;
		};
/* End PBXSourcesBuildPhase section */

/* Begin PBXVariantGroup section */
		D392877E1CD5195600406738 /* Main.storyboard */ = {
			isa = PBXVariantGroup;
			children = (
				D392877F1CD5195600406738 /* Base */,
			);
			name = Main.storyboard;
			sourceTree = "<group>";
		};
		D39287831CD5195700406738 /* LaunchScreen.storyboard */ = {
			isa = PBXVariantGroup;
			children = (
				D39287841CD5195700406738 /* Base */,
			);
			name = LaunchScreen.storyboard;
			sourceTree = "<group>";
		};
/* End PBXVariantGroup section */

/* Begin XCBuildConfiguration section */
		D39287871CD5195700406738 /* Debug */ = {
			isa = XCBuildConfiguration;
			buildSettings = {
				ALWAYS_SEARCH_USER_PATHS = NO;
				CLANG_ANALYZER_NONNULL = YES;
				CLANG_CXX_LANGUAGE_STANDARD = "gnu++0x";
				CLANG_CXX_LIBRARY = "libc++";
				CLANG_ENABLE_MODULES = YES;
				CLANG_ENABLE_OBJC_ARC = YES;
				CLANG_WARN_BOOL_CONVERSION = YES;
				CLANG_WARN_CONSTANT_CONVERSION = YES;
				CLANG_WARN_DIRECT_OBJC_ISA_USAGE = YES_ERROR;
				CLANG_WARN_EMPTY_BODY = YES;
				CLANG_WARN_ENUM_CONVERSION = YES;
				CLANG_WARN_INT_CONVERSION = YES;
				CLANG_WARN_OBJC_ROOT_CLASS = YES_ERROR;
				CLANG_WARN_UNREACHABLE_CODE = YES;
				CLANG_WARN__DUPLICATE_METHOD_MATCH = YES;
				"CODE_SIGN_IDENTITY[sdk=iphoneos*]" = "iPhone Developer";
				COPY_PHASE_STRIP = NO;
				DEBUG_INFORMATION_FORMAT = dwarf;
				ENABLE_STRICT_OBJC_MSGSEND = YES;
				ENABLE_TESTABILITY = YES;
				GCC_C_LANGUAGE_STANDARD = gnu99;
				GCC_DYNAMIC_NO_PIC = NO;
				GCC_NO_COMMON_BLOCKS = YES;
				GCC_OPTIMIZATION_LEVEL = 0;
				GCC_PREPROCESSOR_DEFINITIONS = (
					"DEBUG=1",
					"$(inherited)",
				);
				GCC_WARN_64_TO_32_BIT_CONVERSION = YES;
				GCC_WARN_ABOUT_RETURN_TYPE = YES_ERROR;
				GCC_WARN_UNDECLARED_SELECTOR = YES;
				GCC_WARN_UNINITIALIZED_AUTOS = YES_AGGRESSIVE;
				GCC_WARN_UNUSED_FUNCTION = YES;
				GCC_WARN_UNUSED_VARIABLE = YES;
				IPHONEOS_DEPLOYMENT_TARGET = 9.3;
				MTL_ENABLE_DEBUG_INFO = YES;
				ONLY_ACTIVE_ARCH = YES;
				SDKROOT = iphoneos;
				SWIFT_OPTIMIZATION_LEVEL = "-Onone";
				TARGETED_DEVICE_FAMILY = "1,2";
			};
			name = Debug;
		};
		D39287881CD5195700406738 /* Release */ = {
			isa = XCBuildConfiguration;
			buildSettings = {
				ALWAYS_SEARCH_USER_PATHS = NO;
				CLANG_ANALYZER_NONNULL = YES;
				CLANG_CXX_LANGUAGE_STANDARD = "gnu++0x";
				CLANG_CXX_LIBRARY = "libc++";
				CLANG_ENABLE_MODULES = YES;
				CLANG_ENABLE_OBJC_ARC = YES;
				CLANG_WARN_BOOL_CONVERSION = YES;
				CLANG_WARN_CONSTANT_CONVERSION = YES;
				CLANG_WARN_DIRECT_OBJC_ISA_USAGE = YES_ERROR;
				CLANG_WARN_EMPTY_BODY = YES;
				CLANG_WARN_ENUM_CONVERSION = YES;
				CLANG_WARN_INT_CONVERSION = YES;
				CLANG_WARN_OBJC_ROOT_CLASS = YES_ERROR;
				CLANG_WARN_UNREACHABLE_CODE = YES;
				CLANG_WARN__DUPLICATE_METHOD_MATCH = YES;
				"CODE_SIGN_IDENTITY[sdk=iphoneos*]" = "iPhone Developer";
				COPY_PHASE_STRIP = NO;
				DEBUG_INFORMATION_FORMAT = "dwarf-with-dsym";
				ENABLE_NS_ASSERTIONS = NO;
				ENABLE_STRICT_OBJC_MSGSEND = YES;
				GCC_C_LANGUAGE_STANDARD = gnu99;
				GCC_NO_COMMON_BLOCKS = YES;
				GCC_WARN_64_TO_32_BIT_CONVERSION = YES;
				GCC_WARN_ABOUT_RETURN_TYPE = YES_ERROR;
				GCC_WARN_UNDECLARED_SELECTOR = YES;
				GCC_WARN_UNINITIALIZED_AUTOS = YES_AGGRESSIVE;
				GCC_WARN_UNUSED_FUNCTION = YES;
				GCC_WARN_UNUSED_VARIABLE = YES;
				IPHONEOS_DEPLOYMENT_TARGET = 9.3;
				MTL_ENABLE_DEBUG_INFO = NO;
				SDKROOT = iphoneos;
				TARGETED_DEVICE_FAMILY = "1,2";
				VALIDATE_PRODUCT = YES;
			};
			name = Release;
		};
		D392878A1CD5195700406738 /* Debug */ = {
			isa = XCBuildConfiguration;
			buildSettings = {
				ASSETCATALOG_COMPILER_APPICON_NAME = AppIcon;
				CODE_SIGN_ENTITLEMENTS = "iCloud KV/iCloud KV.entitlements";
				INFOPLIST_FILE = "iCloud KV/Info.plist";
				LD_RUNPATH_SEARCH_PATHS = "$(inherited) @executable_path/Frameworks";
				PRODUCT_BUNDLE_IDENTIFIER = "org.lingerhere.iCloud-KV";
				PRODUCT_NAME = "$(TARGET_NAME)";
			};
			name = Debug;
		};
		D392878B1CD5195700406738 /* Release */ = {
			isa = XCBuildConfiguration;
			buildSettings = {
				ASSETCATALOG_COMPILER_APPICON_NAME = AppIcon;
				CODE_SIGN_ENTITLEMENTS = "iCloud KV/iCloud KV.entitlements";
				INFOPLIST_FILE = "iCloud KV/Info.plist";
				LD_RUNPATH_SEARCH_PATHS = "$(inherited) @executable_path/Frameworks";
				PRODUCT_BUNDLE_IDENTIFIER = "org.lingerhere.iCloud-KV";
				PRODUCT_NAME = "$(TARGET_NAME)";
			};
			name = Release;
		};
/* End XCBuildConfiguration section */

/* Begin XCConfigurationList section */
		D39287721CD5195600406738 /* Build configuration list for PBXProject "iCloud KV" */ = {
			isa = XCConfigurationList;
			buildConfigurations = (
				D39287871CD5195700406738 /* Debug */,
				D39287881CD5195700406738 /* Release */,
			);
			defaultConfigurationIsVisible = 0;
			defaultConfigurationName = Release;
		};
		D39287891CD5195700406738 /* Build configuration list for PBXNativeTarget "iCloud KV" */ = {
			isa = XCConfigurationList;
			buildConfigurations = (
				D392878A1CD5195700406738 /* Debug */,
				D392878B1CD5195700406738 /* Release */,
			);
			defaultConfigurationIsVisible = 0;
			defaultConfigurationName = Release;
		};
/* End XCConfigurationList section */
	};
	rootObject = D392876F1CD5195600406738 /* Project object */;
}
